// !$*UTF8*$!
{
	archiveVersion = 1;
	classes = {
	};
	objectVersion = 50;
	objects = {

/* Begin PBXBuildFile section */
		C435B9522383E3F6000CD640 /* DayForecastTableViewCell.xib in Resources */ = {isa = PBXBuildFile; fileRef = C435B9512383E3F6000CD640 /* DayForecastTableViewCell.xib */; };
		C435B9542383E735000CD640 /* Weather.swift in Sources */ = {isa = PBXBuildFile; fileRef = C435B9532383E735000CD640 /* Weather.swift */; };
		C445E49C2383FB8800B17AF6 /* ForecastViewController.swift in Sources */ = {isa = PBXBuildFile; fileRef = C445E49A2383FB8800B17AF6 /* ForecastViewController.swift */; };
		C445E49D2383FB8800B17AF6 /* ForecastViewController.xib in Resources */ = {isa = PBXBuildFile; fileRef = C445E49B2383FB8800B17AF6 /* ForecastViewController.xib */; };
		C445E49F2383FE1200B17AF6 /* DIContainer.swift in Sources */ = {isa = PBXBuildFile; fileRef = C445E49E2383FE1200B17AF6 /* DIContainer.swift */; };
		C445E4A12383FF4800B17AF6 /* ImageProvider.swift in Sources */ = {isa = PBXBuildFile; fileRef = C445E4A02383FF4800B17AF6 /* ImageProvider.swift */; };
		C445E4A32384005400B17AF6 /* EndlessSequence.swift in Sources */ = {isa = PBXBuildFile; fileRef = C445E4A22384005400B17AF6 /* EndlessSequence.swift */; };
		C466D94E2381A73D00FE8FD0 /* ForecastView.swift in Sources */ = {isa = PBXBuildFile; fileRef = C466D94D2381A73D00FE8FD0 /* ForecastView.swift */; };
		C466D9502381A7AE00FE8FD0 /* DayForecastTableViewCell.swift in Sources */ = {isa = PBXBuildFile; fileRef = C466D94F2381A7AE00FE8FD0 /* DayForecastTableViewCell.swift */; };
		C4B391B423819CE4003E54CD /* AppDelegate.swift in Sources */ = {isa = PBXBuildFile; fileRef = C4B391B323819CE4003E54CD /* AppDelegate.swift */; };
		C4B391BD23819CE5003E54CD /* Assets.xcassets in Resources */ = {isa = PBXBuildFile; fileRef = C4B391BC23819CE5003E54CD /* Assets.xcassets */; };
		C4B391C023819CE5003E54CD /* LaunchScreen.storyboard in Resources */ = {isa = PBXBuildFile; fileRef = C4B391BE23819CE5003E54CD /* LaunchScreen.storyboard */; };
		C4BAC6752381AF830016930C /* ForecastView.xib in Resources */ = {isa = PBXBuildFile; fileRef = C4BAC6742381AF830016930C /* ForecastView.xib */; };
		C4BAC67F2381B1640016930C /* NibBasedView.swift in Sources */ = {isa = PBXBuildFile; fileRef = C4BAC67E2381B1640016930C /* NibBasedView.swift */; };
		C4C06913238476300087AE12 /* HasID.swift in Sources */ = {isa = PBXBuildFile; fileRef = C4C06912238476300087AE12 /* HasID.swift */; };
		C4C83F36238C623E00F53FC7 /* EndlessSequenseTests.swift in Sources */ = {isa = PBXBuildFile; fileRef = C4C83F35238C623E00F53FC7 /* EndlessSequenseTests.swift */; };
		C4C83F38238C62FE00F53FC7 /* EndlessSequence.swift in Sources */ = {isa = PBXBuildFile; fileRef = C445E4A22384005400B17AF6 /* EndlessSequence.swift */; };
		C4C83F3A238C6DDA00F53FC7 /* WeatherTests.swift in Sources */ = {isa = PBXBuildFile; fileRef = C4C83F39238C6DDA00F53FC7 /* WeatherTests.swift */; };
		C4C83F3B238C6E3F00F53FC7 /* Weather.swift in Sources */ = {isa = PBXBuildFile; fileRef = C435B9532383E735000CD640 /* Weather.swift */; };
		C4C83F3C238C6E5800F53FC7 /* Forecast.swift in Sources */ = {isa = PBXBuildFile; fileRef = C4DF733C2381FBBB0089FF5C /* Forecast.swift */; };
		C4C83F3D238C6E6200F53FC7 /* ForecastService.swift in Sources */ = {isa = PBXBuildFile; fileRef = C4DF73362381CA7C0089FF5C /* ForecastService.swift */; };
		C4DF73352381C6180089FF5C /* RightDirectedScrollView.swift in Sources */ = {isa = PBXBuildFile; fileRef = C4DF73342381C6180089FF5C /* RightDirectedScrollView.swift */; };
		C4DF73372381CA7C0089FF5C /* ForecastService.swift in Sources */ = {isa = PBXBuildFile; fileRef = C4DF73362381CA7C0089FF5C /* ForecastService.swift */; };
		C4DF73392381CE990089FF5C /* ImageService.swift in Sources */ = {isa = PBXBuildFile; fileRef = C4DF73382381CE990089FF5C /* ImageService.swift */; };
		C4DF733B2381D6DC0089FF5C /* OpenWeather.swift in Sources */ = {isa = PBXBuildFile; fileRef = C4DF733A2381D6DC0089FF5C /* OpenWeather.swift */; };
		C4DF733D2381FBBB0089FF5C /* Forecast.swift in Sources */ = {isa = PBXBuildFile; fileRef = C4DF733C2381FBBB0089FF5C /* Forecast.swift */; };
		C4DF733F2382775D0089FF5C /* CacheImageProvider.swift in Sources */ = {isa = PBXBuildFile; fileRef = C4DF733E2382775D0089FF5C /* CacheImageProvider.swift */; };
		C4DF73452382984C0089FF5C /* StandartImageCache.swift in Sources */ = {isa = PBXBuildFile; fileRef = C4DF73442382984C0089FF5C /* StandartImageCache.swift */; };
		C4F2A01C23834C2800A9B5C7 /* static.json in Resources */ = {isa = PBXBuildFile; fileRef = C4F2A01B23834C2800A9B5C7 /* static.json */; };
		C4F2A02023834CD600A9B5C7 /* JSONWeather.swift in Sources */ = {isa = PBXBuildFile; fileRef = C4F2A01F23834CD600A9B5C7 /* JSONWeather.swift */; };
		C4FBB3DD2382D6D9002B1F43 /* ForecastResponse.swift in Sources */ = {isa = PBXBuildFile; fileRef = C4FBB3DC2382D6D9002B1F43 /* ForecastResponse.swift */; };
		C4FBB3DF2382D794002B1F43 /* ForecastViewModel.swift in Sources */ = {isa = PBXBuildFile; fileRef = C4FBB3DE2382D794002B1F43 /* ForecastViewModel.swift */; };
		C4FBB3E12382E1BF002B1F43 /* WeatherDataSource.swift in Sources */ = {isa = PBXBuildFile; fileRef = C4FBB3E02382E1BF002B1F43 /* WeatherDataSource.swift */; };
/* End PBXBuildFile section */

/* Begin PBXContainerItemProxy section */
		C4C83F30238C622D00F53FC7 /* PBXContainerItemProxy */ = {
			isa = PBXContainerItemProxy;
			containerPortal = C4B391A823819CE4003E54CD /* Project object */;
			proxyType = 1;
			remoteGlobalIDString = C4B391AF23819CE4003E54CD;
			remoteInfo = weatherapp;
		};
/* End PBXContainerItemProxy section */

/* Begin PBXFileReference section */
		C435B9512383E3F6000CD640 /* DayForecastTableViewCell.xib */ = {isa = PBXFileReference; lastKnownFileType = file.xib; path = DayForecastTableViewCell.xib; sourceTree = "<group>"; };
		C435B9532383E735000CD640 /* Weather.swift */ = {isa = PBXFileReference; lastKnownFileType = sourcecode.swift; path = Weather.swift; sourceTree = "<group>"; };
		C445E49A2383FB8800B17AF6 /* ForecastViewController.swift */ = {isa = PBXFileReference; lastKnownFileType = sourcecode.swift; path = ForecastViewController.swift; sourceTree = "<group>"; };
		C445E49B2383FB8800B17AF6 /* ForecastViewController.xib */ = {isa = PBXFileReference; lastKnownFileType = file.xib; path = ForecastViewController.xib; sourceTree = "<group>"; };
		C445E49E2383FE1200B17AF6 /* DIContainer.swift */ = {isa = PBXFileReference; lastKnownFileType = sourcecode.swift; path = DIContainer.swift; sourceTree = "<group>"; };
		C445E4A02383FF4800B17AF6 /* ImageProvider.swift */ = {isa = PBXFileReference; lastKnownFileType = sourcecode.swift; path = ImageProvider.swift; sourceTree = "<group>"; };
		C445E4A22384005400B17AF6 /* EndlessSequence.swift */ = {isa = PBXFileReference; lastKnownFileType = sourcecode.swift; path = EndlessSequence.swift; sourceTree = "<group>"; };
		C466D94D2381A73D00FE8FD0 /* ForecastView.swift */ = {isa = PBXFileReference; lastKnownFileType = sourcecode.swift; path = ForecastView.swift; sourceTree = "<group>"; };
		C466D94F2381A7AE00FE8FD0 /* DayForecastTableViewCell.swift */ = {isa = PBXFileReference; lastKnownFileType = sourcecode.swift; path = DayForecastTableViewCell.swift; sourceTree = "<group>"; };
		C4B391B023819CE4003E54CD /* weatherapp.app */ = {isa = PBXFileReference; explicitFileType = wrapper.application; includeInIndex = 0; path = weatherapp.app; sourceTree = BUILT_PRODUCTS_DIR; };
		C4B391B323819CE4003E54CD /* AppDelegate.swift */ = {isa = PBXFileReference; lastKnownFileType = sourcecode.swift; path = AppDelegate.swift; sourceTree = "<group>"; };
		C4B391BC23819CE5003E54CD /* Assets.xcassets */ = {isa = PBXFileReference; lastKnownFileType = folder.assetcatalog; path = Assets.xcassets; sourceTree = "<group>"; };
		C4B391BF23819CE5003E54CD /* Base */ = {isa = PBXFileReference; lastKnownFileType = file.storyboard; name = Base; path = Base.lproj/LaunchScreen.storyboard; sourceTree = "<group>"; };
		C4B391C123819CE5003E54CD /* Info.plist */ = {isa = PBXFileReference; lastKnownFileType = text.plist.xml; path = Info.plist; sourceTree = "<group>"; };
		C4BAC6742381AF830016930C /* ForecastView.xib */ = {isa = PBXFileReference; lastKnownFileType = file.xib; path = ForecastView.xib; sourceTree = "<group>"; };
		C4BAC67E2381B1640016930C /* NibBasedView.swift */ = {isa = PBXFileReference; lastKnownFileType = sourcecode.swift; path = NibBasedView.swift; sourceTree = "<group>"; };
		C4C06912238476300087AE12 /* HasID.swift */ = {isa = PBXFileReference; lastKnownFileType = sourcecode.swift; path = HasID.swift; sourceTree = "<group>"; };
		C4C83F2B238C622D00F53FC7 /* weatherappTests.xctest */ = {isa = PBXFileReference; explicitFileType = wrapper.cfbundle; includeInIndex = 0; path = weatherappTests.xctest; sourceTree = BUILT_PRODUCTS_DIR; };
		C4C83F2F238C622D00F53FC7 /* Info.plist */ = {isa = PBXFileReference; lastKnownFileType = text.plist.xml; path = Info.plist; sourceTree = "<group>"; };
		C4C83F35238C623E00F53FC7 /* EndlessSequenseTests.swift */ = {isa = PBXFileReference; lastKnownFileType = sourcecode.swift; path = EndlessSequenseTests.swift; sourceTree = "<group>"; };
		C4C83F39238C6DDA00F53FC7 /* WeatherTests.swift */ = {isa = PBXFileReference; lastKnownFileType = sourcecode.swift; path = WeatherTests.swift; sourceTree = "<group>"; };
		C4DF73342381C6180089FF5C /* RightDirectedScrollView.swift */ = {isa = PBXFileReference; lastKnownFileType = sourcecode.swift; path = RightDirectedScrollView.swift; sourceTree = "<group>"; };
		C4DF73362381CA7C0089FF5C /* ForecastService.swift */ = {isa = PBXFileReference; lastKnownFileType = sourcecode.swift; path = ForecastService.swift; sourceTree = "<group>"; };
		C4DF73382381CE990089FF5C /* ImageService.swift */ = {isa = PBXFileReference; lastKnownFileType = sourcecode.swift; path = ImageService.swift; sourceTree = "<group>"; };
		C4DF733A2381D6DC0089FF5C /* OpenWeather.swift */ = {isa = PBXFileReference; lastKnownFileType = sourcecode.swift; path = OpenWeather.swift; sourceTree = "<group>"; };
		C4DF733C2381FBBB0089FF5C /* Forecast.swift */ = {isa = PBXFileReference; lastKnownFileType = sourcecode.swift; path = Forecast.swift; sourceTree = "<group>"; };
		C4DF733E2382775D0089FF5C /* CacheImageProvider.swift */ = {isa = PBXFileReference; lastKnownFileType = sourcecode.swift; path = CacheImageProvider.swift; sourceTree = "<group>"; };
		C4DF73442382984C0089FF5C /* StandartImageCache.swift */ = {isa = PBXFileReference; lastKnownFileType = sourcecode.swift; path = StandartImageCache.swift; sourceTree = "<group>"; };
		C4F2A01B23834C2800A9B5C7 /* static.json */ = {isa = PBXFileReference; lastKnownFileType = text.json; path = static.json; sourceTree = "<group>"; };
		C4F2A01F23834CD600A9B5C7 /* JSONWeather.swift */ = {isa = PBXFileReference; lastKnownFileType = sourcecode.swift; path = JSONWeather.swift; sourceTree = "<group>"; };
		C4FBB3DC2382D6D9002B1F43 /* ForecastResponse.swift */ = {isa = PBXFileReference; lastKnownFileType = sourcecode.swift; path = ForecastResponse.swift; sourceTree = "<group>"; };
		C4FBB3DE2382D794002B1F43 /* ForecastViewModel.swift */ = {isa = PBXFileReference; lastKnownFileType = sourcecode.swift; path = ForecastViewModel.swift; sourceTree = "<group>"; };
		C4FBB3E02382E1BF002B1F43 /* WeatherDataSource.swift */ = {isa = PBXFileReference; lastKnownFileType = sourcecode.swift; path = WeatherDataSource.swift; sourceTree = "<group>"; };
/* End PBXFileReference section */

/* Begin PBXFrameworksBuildPhase section */
		C4B391AD23819CE4003E54CD /* Frameworks */ = {
			isa = PBXFrameworksBuildPhase;
			buildActionMask = 2147483647;
			files = (
			);
			runOnlyForDeploymentPostprocessing = 0;
		};
		C4C83F28238C622D00F53FC7 /* Frameworks */ = {
			isa = PBXFrameworksBuildPhase;
			buildActionMask = 2147483647;
			files = (
			);
			runOnlyForDeploymentPostprocessing = 0;
		};
/* End PBXFrameworksBuildPhase section */

/* Begin PBXGroup section */
		C4B391A723819CE4003E54CD = {
			isa = PBXGroup;
			children = (
				C4B391B223819CE4003E54CD /* weatherapp */,
				C4C83F2C238C622D00F53FC7 /* weatherappTests */,
				C4B391B123819CE4003E54CD /* Products */,
			);
			sourceTree = "<group>";
		};
		C4B391B123819CE4003E54CD /* Products */ = {
			isa = PBXGroup;
			children = (
				C4B391B023819CE4003E54CD /* weatherapp.app */,
				C4C83F2B238C622D00F53FC7 /* weatherappTests.xctest */,
			);
			name = Products;
			sourceTree = "<group>";
		};
		C4B391B223819CE4003E54CD /* weatherapp */ = {
			isa = PBXGroup;
			children = (
				C4DF734D2382D51A0089FF5C /* WeatherModule */,
				C4DF73502382D5A90089FF5C /* Models */,
				C4DF734F2382D56C0089FF5C /* Services */,
				C4DF734E2382D5440089FF5C /* CustomUI */,
				C4B391B323819CE4003E54CD /* AppDelegate.swift */,
				C4B391BC23819CE5003E54CD /* Assets.xcassets */,
				C4B391BE23819CE5003E54CD /* LaunchScreen.storyboard */,
				C4B391C123819CE5003E54CD /* Info.plist */,
				C4F2A01B23834C2800A9B5C7 /* static.json */,
			);
			path = weatherapp;
			sourceTree = "<group>";
		};
		C4C83F2C238C622D00F53FC7 /* weatherappTests */ = {
			isa = PBXGroup;
			children = (
				C4C83F2F238C622D00F53FC7 /* Info.plist */,
				C4C83F35238C623E00F53FC7 /* EndlessSequenseTests.swift */,
				C4C83F39238C6DDA00F53FC7 /* WeatherTests.swift */,
			);
			path = weatherappTests;
			sourceTree = "<group>";
		};
		C4DF734D2382D51A0089FF5C /* WeatherModule */ = {
			isa = PBXGroup;
			children = (
				C4BAC6742381AF830016930C /* ForecastView.xib */,
				C466D94D2381A73D00FE8FD0 /* ForecastView.swift */,
				C435B9512383E3F6000CD640 /* DayForecastTableViewCell.xib */,
				C466D94F2381A7AE00FE8FD0 /* DayForecastTableViewCell.swift */,
				C4FBB3DE2382D794002B1F43 /* ForecastViewModel.swift */,
				C4FBB3E02382E1BF002B1F43 /* WeatherDataSource.swift */,
				C445E49B2383FB8800B17AF6 /* ForecastViewController.xib */,
				C445E49A2383FB8800B17AF6 /* ForecastViewController.swift */,
			);
			path = WeatherModule;
			sourceTree = "<group>";
		};
		C4DF734E2382D5440089FF5C /* CustomUI */ = {
			isa = PBXGroup;
			children = (
				C4DF73342381C6180089FF5C /* RightDirectedScrollView.swift */,
				C4BAC67E2381B1640016930C /* NibBasedView.swift */,
				C4C06912238476300087AE12 /* HasID.swift */,
			);
			path = CustomUI;
			sourceTree = "<group>";
		};
		C4DF734F2382D56C0089FF5C /* Services */ = {
			isa = PBXGroup;
			children = (
				C4DF73362381CA7C0089FF5C /* ForecastService.swift */,
				C4DF73382381CE990089FF5C /* ImageService.swift */,
				C4FBB3DC2382D6D9002B1F43 /* ForecastResponse.swift */,
				C4DF733A2381D6DC0089FF5C /* OpenWeather.swift */,
				C4F2A01F23834CD600A9B5C7 /* JSONWeather.swift */,
			);
			path = Services;
			sourceTree = "<group>";
		};
		C4DF73502382D5A90089FF5C /* Models */ = {
			isa = PBXGroup;
			children = (
				C445E4A22384005400B17AF6 /* EndlessSequence.swift */,
				C445E49E2383FE1200B17AF6 /* DIContainer.swift */,
				C4DF733C2381FBBB0089FF5C /* Forecast.swift */,
				C435B9532383E735000CD640 /* Weather.swift */,
				C445E4A02383FF4800B17AF6 /* ImageProvider.swift */,
				C4DF733E2382775D0089FF5C /* CacheImageProvider.swift */,
				C4DF73442382984C0089FF5C /* StandartImageCache.swift */,
			);
			path = Models;
			sourceTree = "<group>";
		};
/* End PBXGroup section */

/* Begin PBXNativeTarget section */
		C4B391AF23819CE4003E54CD /* weatherapp */ = {
			isa = PBXNativeTarget;
			buildConfigurationList = C4B391C423819CE5003E54CD /* Build configuration list for PBXNativeTarget "weatherapp" */;
			buildPhases = (
				C4B391AC23819CE4003E54CD /* Sources */,
				C4B391AD23819CE4003E54CD /* Frameworks */,
				C4B391AE23819CE4003E54CD /* Resources */,
			);
			buildRules = (
			);
			dependencies = (
			);
			name = weatherapp;
			productName = weatherapp;
			productReference = C4B391B023819CE4003E54CD /* weatherapp.app */;
			productType = "com.apple.product-type.application";
		};
		C4C83F2A238C622D00F53FC7 /* weatherappTests */ = {
			isa = PBXNativeTarget;
			buildConfigurationList = C4C83F34238C622D00F53FC7 /* Build configuration list for PBXNativeTarget "weatherappTests" */;
			buildPhases = (
				C4C83F27238C622D00F53FC7 /* Sources */,
				C4C83F28238C622D00F53FC7 /* Frameworks */,
				C4C83F29238C622D00F53FC7 /* Resources */,
			);
			buildRules = (
			);
			dependencies = (
				C4C83F31238C622D00F53FC7 /* PBXTargetDependency */,
			);
			name = weatherappTests;
			productName = weatherappTests;
			productReference = C4C83F2B238C622D00F53FC7 /* weatherappTests.xctest */;
			productType = "com.apple.product-type.bundle.unit-test";
		};
/* End PBXNativeTarget section */

/* Begin PBXProject section */
		C4B391A823819CE4003E54CD /* Project object */ = {
			isa = PBXProject;
			attributes = {
				LastSwiftUpdateCheck = 1100;
				LastUpgradeCheck = 1100;
				ORGANIZATIONNAME = Denis;
				TargetAttributes = {
					C4B391AF23819CE4003E54CD = {
						CreatedOnToolsVersion = 11.0;
					};
					C4C83F2A238C622D00F53FC7 = {
						CreatedOnToolsVersion = 11.0;
					};
				};
			};
			buildConfigurationList = C4B391AB23819CE4003E54CD /* Build configuration list for PBXProject "weatherapp" */;
			compatibilityVersion = "Xcode 9.3";
			developmentRegion = en;
			hasScannedForEncodings = 0;
			knownRegions = (
				en,
				Base,
			);
			mainGroup = C4B391A723819CE4003E54CD;
			productRefGroup = C4B391B123819CE4003E54CD /* Products */;
			projectDirPath = "";
			projectRoot = "";
			targets = (
				C4B391AF23819CE4003E54CD /* weatherapp */,
				C4C83F2A238C622D00F53FC7 /* weatherappTests */,
			);
		};
/* End PBXProject section */

/* Begin PBXResourcesBuildPhase section */
		C4B391AE23819CE4003E54CD /* Resources */ = {
			isa = PBXResourcesBuildPhase;
			buildActionMask = 2147483647;
			files = (
				C4B391C023819CE5003E54CD /* LaunchScreen.storyboard in Resources */,
				C445E49D2383FB8800B17AF6 /* ForecastViewController.xib in Resources */,
				C4F2A01C23834C2800A9B5C7 /* static.json in Resources */,
				C4B391BD23819CE5003E54CD /* Assets.xcassets in Resources */,
				C4BAC6752381AF830016930C /* ForecastView.xib in Resources */,
				C435B9522383E3F6000CD640 /* DayForecastTableViewCell.xib in Resources */,
			);
			runOnlyForDeploymentPostprocessing = 0;
		};
		C4C83F29238C622D00F53FC7 /* Resources */ = {
			isa = PBXResourcesBuildPhase;
			buildActionMask = 2147483647;
			files = (
			);
			runOnlyForDeploymentPostprocessing = 0;
		};
/* End PBXResourcesBuildPhase section */

/* Begin PBXSourcesBuildPhase section */
		C4B391AC23819CE4003E54CD /* Sources */ = {
			isa = PBXSourcesBuildPhase;
			buildActionMask = 2147483647;
			files = (
				C4DF73372381CA7C0089FF5C /* ForecastService.swift in Sources */,
				C4FBB3E12382E1BF002B1F43 /* WeatherDataSource.swift in Sources */,
				C4DF73392381CE990089FF5C /* ImageService.swift in Sources */,
				C4FBB3DF2382D794002B1F43 /* ForecastViewModel.swift in Sources */,
				C4FBB3DD2382D6D9002B1F43 /* ForecastResponse.swift in Sources */,
				C4DF73352381C6180089FF5C /* RightDirectedScrollView.swift in Sources */,
				C4B391B423819CE4003E54CD /* AppDelegate.swift in Sources */,
				C4BAC67F2381B1640016930C /* NibBasedView.swift in Sources */,
				C4DF733B2381D6DC0089FF5C /* OpenWeather.swift in Sources */,
				C466D9502381A7AE00FE8FD0 /* DayForecastTableViewCell.swift in Sources */,
				C4C06913238476300087AE12 /* HasID.swift in Sources */,
				C445E49F2383FE1200B17AF6 /* DIContainer.swift in Sources */,
				C445E4A12383FF4800B17AF6 /* ImageProvider.swift in Sources */,
				C435B9542383E735000CD640 /* Weather.swift in Sources */,
				C4DF733F2382775D0089FF5C /* CacheImageProvider.swift in Sources */,
				C4F2A02023834CD600A9B5C7 /* JSONWeather.swift in Sources */,
				C4DF733D2381FBBB0089FF5C /* Forecast.swift in Sources */,
				C466D94E2381A73D00FE8FD0 /* ForecastView.swift in Sources */,
				C4DF73452382984C0089FF5C /* StandartImageCache.swift in Sources */,
				C445E49C2383FB8800B17AF6 /* ForecastViewController.swift in Sources */,
				C445E4A32384005400B17AF6 /* EndlessSequence.swift in Sources */,
			);
			runOnlyForDeploymentPostprocessing = 0;
		};
		C4C83F27238C622D00F53FC7 /* Sources */ = {
			isa = PBXSourcesBuildPhase;
			buildActionMask = 2147483647;
			files = (
				C4C83F3B238C6E3F00F53FC7 /* Weather.swift in Sources */,
				C4C83F36238C623E00F53FC7 /* EndlessSequenseTests.swift in Sources */,
				C4C83F38238C62FE00F53FC7 /* EndlessSequence.swift in Sources */,
				C4C83F3A238C6DDA00F53FC7 /* WeatherTests.swift in Sources */,
				C4C83F3D238C6E6200F53FC7 /* ForecastService.swift in Sources */,
				C4C83F3C238C6E5800F53FC7 /* Forecast.swift in Sources */,
			);
			runOnlyForDeploymentPostprocessing = 0;
		};
/* End PBXSourcesBuildPhase section */

/* Begin PBXTargetDependency section */
		C4C83F31238C622D00F53FC7 /* PBXTargetDependency */ = {
			isa = PBXTargetDependency;
			target = C4B391AF23819CE4003E54CD /* weatherapp */;
			targetProxy = C4C83F30238C622D00F53FC7 /* PBXContainerItemProxy */;
		};
/* End PBXTargetDependency section */

/* Begin PBXVariantGroup section */
		C4B391BE23819CE5003E54CD /* LaunchScreen.storyboard */ = {
			isa = PBXVariantGroup;
			children = (
				C4B391BF23819CE5003E54CD /* Base */,
			);
			name = LaunchScreen.storyboard;
			sourceTree = "<group>";
		};
/* End PBXVariantGroup section */

/* Begin XCBuildConfiguration section */
		C4B391C223819CE5003E54CD /* Debug */ = {
			isa = XCBuildConfiguration;
			buildSettings = {
				ALWAYS_SEARCH_USER_PATHS = NO;
				CLANG_ANALYZER_NONNULL = YES;
				CLANG_ANALYZER_NUMBER_OBJECT_CONVERSION = YES_AGGRESSIVE;
				CLANG_CXX_LANGUAGE_STANDARD = "gnu++14";
				CLANG_CXX_LIBRARY = "libc++";
				CLANG_ENABLE_MODULES = YES;
				CLANG_ENABLE_OBJC_ARC = YES;
				CLANG_ENABLE_OBJC_WEAK = YES;
				CLANG_WARN_BLOCK_CAPTURE_AUTORELEASING = YES;
				CLANG_WARN_BOOL_CONVERSION = YES;
				CLANG_WARN_COMMA = YES;
				CLANG_WARN_CONSTANT_CONVERSION = YES;
				CLANG_WARN_DEPRECATED_OBJC_IMPLEMENTATIONS = YES;
				CLANG_WARN_DIRECT_OBJC_ISA_USAGE = YES_ERROR;
				CLANG_WARN_DOCUMENTATION_COMMENTS = YES;
				CLANG_WARN_EMPTY_BODY = YES;
				CLANG_WARN_ENUM_CONVERSION = YES;
				CLANG_WARN_INFINITE_RECURSION = YES;
				CLANG_WARN_INT_CONVERSION = YES;
				CLANG_WARN_NON_LITERAL_NULL_CONVERSION = YES;
				CLANG_WARN_OBJC_IMPLICIT_RETAIN_SELF = YES;
				CLANG_WARN_OBJC_LITERAL_CONVERSION = YES;
				CLANG_WARN_OBJC_ROOT_CLASS = YES_ERROR;
				CLANG_WARN_RANGE_LOOP_ANALYSIS = YES;
				CLANG_WARN_STRICT_PROTOTYPES = YES;
				CLANG_WARN_SUSPICIOUS_MOVE = YES;
				CLANG_WARN_UNGUARDED_AVAILABILITY = YES_AGGRESSIVE;
				CLANG_WARN_UNREACHABLE_CODE = YES;
				CLANG_WARN__DUPLICATE_METHOD_MATCH = YES;
				COPY_PHASE_STRIP = NO;
				DEBUG_INFORMATION_FORMAT = dwarf;
				ENABLE_STRICT_OBJC_MSGSEND = YES;
				ENABLE_TESTABILITY = YES;
				GCC_C_LANGUAGE_STANDARD = gnu11;
				GCC_DYNAMIC_NO_PIC = NO;
				GCC_NO_COMMON_BLOCKS = YES;
				GCC_OPTIMIZATION_LEVEL = 0;
				GCC_PREPROCESSOR_DEFINITIONS = (
					"DEBUG=1",
					"$(inherited)",
				);
				GCC_WARN_64_TO_32_BIT_CONVERSION = YES;
				GCC_WARN_ABOUT_RETURN_TYPE = YES_ERROR;
				GCC_WARN_UNDECLARED_SELECTOR = YES;
				GCC_WARN_UNINITIALIZED_AUTOS = YES_AGGRESSIVE;
				GCC_WARN_UNUSED_FUNCTION = YES;
				GCC_WARN_UNUSED_VARIABLE = YES;
				IPHONEOS_DEPLOYMENT_TARGET = 13.0;
				MTL_ENABLE_DEBUG_INFO = INCLUDE_SOURCE;
				MTL_FAST_MATH = YES;
				ONLY_ACTIVE_ARCH = YES;
				SDKROOT = iphoneos;
				SWIFT_ACTIVE_COMPILATION_CONDITIONS = DEBUG;
				SWIFT_OPTIMIZATION_LEVEL = "-Onone";
			};
			name = Debug;
		};
		C4B391C323819CE5003E54CD /* Release */ = {
			isa = XCBuildConfiguration;
			buildSettings = {
				ALWAYS_SEARCH_USER_PATHS = NO;
				CLANG_ANALYZER_NONNULL = YES;
				CLANG_ANALYZER_NUMBER_OBJECT_CONVERSION = YES_AGGRESSIVE;
				CLANG_CXX_LANGUAGE_STANDARD = "gnu++14";
				CLANG_CXX_LIBRARY = "libc++";
				CLANG_ENABLE_MODULES = YES;
				CLANG_ENABLE_OBJC_ARC = YES;
				CLANG_ENABLE_OBJC_WEAK = YES;
				CLANG_WARN_BLOCK_CAPTURE_AUTORELEASING = YES;
				CLANG_WARN_BOOL_CONVERSION = YES;
				CLANG_WARN_COMMA = YES;
				CLANG_WARN_CONSTANT_CONVERSION = YES;
				CLANG_WARN_DEPRECATED_OBJC_IMPLEMENTATIONS = YES;
				CLANG_WARN_DIRECT_OBJC_ISA_USAGE = YES_ERROR;
				CLANG_WARN_DOCUMENTATION_COMMENTS = YES;
				CLANG_WARN_EMPTY_BODY = YES;
				CLANG_WARN_ENUM_CONVERSION = YES;
				CLANG_WARN_INFINITE_RECURSION = YES;
				CLANG_WARN_INT_CONVERSION = YES;
				CLANG_WARN_NON_LITERAL_NULL_CONVERSION = YES;
				CLANG_WARN_OBJC_IMPLICIT_RETAIN_SELF = YES;
				CLANG_WARN_OBJC_LITERAL_CONVERSION = YES;
				CLANG_WARN_OBJC_ROOT_CLASS = YES_ERROR;
				CLANG_WARN_RANGE_LOOP_ANALYSIS = YES;
				CLANG_WARN_STRICT_PROTOTYPES = YES;
				CLANG_WARN_SUSPICIOUS_MOVE = YES;
				CLANG_WARN_UNGUARDED_AVAILABILITY = YES_AGGRESSIVE;
				CLANG_WARN_UNREACHABLE_CODE = YES;
				CLANG_WARN__DUPLICATE_METHOD_MATCH = YES;
				COPY_PHASE_STRIP = NO;
				DEBUG_INFORMATION_FORMAT = "dwarf-with-dsym";
				ENABLE_NS_ASSERTIONS = NO;
				ENABLE_STRICT_OBJC_MSGSEND = YES;
				GCC_C_LANGUAGE_STANDARD = gnu11;
				GCC_NO_COMMON_BLOCKS = YES;
				GCC_WARN_64_TO_32_BIT_CONVERSION = YES;
				GCC_WARN_ABOUT_RETURN_TYPE = YES_ERROR;
				GCC_WARN_UNDECLARED_SELECTOR = YES;
				GCC_WARN_UNINITIALIZED_AUTOS = YES_AGGRESSIVE;
				GCC_WARN_UNUSED_FUNCTION = YES;
				GCC_WARN_UNUSED_VARIABLE = YES;
				IPHONEOS_DEPLOYMENT_TARGET = 13.0;
				MTL_ENABLE_DEBUG_INFO = NO;
				MTL_FAST_MATH = YES;
				SDKROOT = iphoneos;
				SWIFT_COMPILATION_MODE = wholemodule;
				SWIFT_OPTIMIZATION_LEVEL = "-O";
				VALIDATE_PRODUCT = YES;
			};
			name = Release;
		};
		C4B391C523819CE5003E54CD /* Debug */ = {
			isa = XCBuildConfiguration;
			buildSettings = {
				ASSETCATALOG_COMPILER_APPICON_NAME = AppIcon;
				CODE_SIGN_STYLE = Automatic;
				DEVELOPMENT_TEAM = 5MAP8YLLJ8;
				INFOPLIST_FILE = weatherapp/Info.plist;
				LD_RUNPATH_SEARCH_PATHS = (
					"$(inherited)",
					"@executable_path/Frameworks",
				);
				PRODUCT_BUNDLE_IDENTIFIER = dg.weatherapp;
				PRODUCT_NAME = "$(TARGET_NAME)";
				SWIFT_VERSION = 5.0;
				TARGETED_DEVICE_FAMILY = "1,2";
			};
			name = Debug;
		};
		C4B391C623819CE5003E54CD /* Release */ = {
			isa = XCBuildConfiguration;
			buildSettings = {
				ASSETCATALOG_COMPILER_APPICON_NAME = AppIcon;
				CODE_SIGN_STYLE = Automatic;
				DEVELOPMENT_TEAM = 5MAP8YLLJ8;
				INFOPLIST_FILE = weatherapp/Info.plist;
				LD_RUNPATH_SEARCH_PATHS = (
					"$(inherited)",
					"@executable_path/Frameworks",
				);
				PRODUCT_BUNDLE_IDENTIFIER = dg.weatherapp;
				PRODUCT_NAME = "$(TARGET_NAME)";
				SWIFT_VERSION = 5.0;
				TARGETED_DEVICE_FAMILY = "1,2";
			};
			name = Release;
		};
		C4C83F32238C622D00F53FC7 /* Debug */ = {
			isa = XCBuildConfiguration;
			buildSettings = {
				CODE_SIGN_STYLE = Automatic;
				DEVELOPMENT_TEAM = 5MAP8YLLJ8;
				INFOPLIST_FILE = weatherappTests/Info.plist;
				LD_RUNPATH_SEARCH_PATHS = (
					"$(inherited)",
					"@executable_path/Frameworks",
					"@loader_path/Frameworks",
				);
				PRODUCT_BUNDLE_IDENTIFIER = dg.weatherappTests;
				PRODUCT_NAME = "$(TARGET_NAME)";
				SWIFT_VERSION = 5.0;
				TARGETED_DEVICE_FAMILY = "1,2";
			};
			name = Debug;
		};
		C4C83F33238C622D00F53FC7 /* Release */ = {
			isa = XCBuildConfiguration;
			buildSettings = {
				CODE_SIGN_STYLE = Automatic;
				DEVELOPMENT_TEAM = 5MAP8YLLJ8;
				INFOPLIST_FILE = weatherappTests/Info.plist;
				LD_RUNPATH_SEARCH_PATHS = (
					"$(inherited)",
					"@executable_path/Frameworks",
					"@loader_path/Frameworks",
				);
				PRODUCT_BUNDLE_IDENTIFIER = dg.weatherappTests;
				PRODUCT_NAME = "$(TARGET_NAME)";
				SWIFT_VERSION = 5.0;
				TARGETED_DEVICE_FAMILY = "1,2";
			};
			name = Release;
		};
/* End XCBuildConfiguration section */

/* Begin XCConfigurationList section */
		C4B391AB23819CE4003E54CD /* Build configuration list for PBXProject "weatherapp" */ = {
			isa = XCConfigurationList;
			buildConfigurations = (
				C4B391C223819CE5003E54CD /* Debug */,
				C4B391C323819CE5003E54CD /* Release */,
			);
			defaultConfigurationIsVisible = 0;
			defaultConfigurationName = Release;
		};
		C4B391C423819CE5003E54CD /* Build configuration list for PBXNativeTarget "weatherapp" */ = {
			isa = XCConfigurationList;
			buildConfigurations = (
				C4B391C523819CE5003E54CD /* Debug */,
				C4B391C623819CE5003E54CD /* Release */,
			);
			defaultConfigurationIsVisible = 0;
			defaultConfigurationName = Release;
		};
		C4C83F34238C622D00F53FC7 /* Build configuration list for PBXNativeTarget "weatherappTests" */ = {
			isa = XCConfigurationList;
			buildConfigurations = (
				C4C83F32238C622D00F53FC7 /* Debug */,
				C4C83F33238C622D00F53FC7 /* Release */,
			);
			defaultConfigurationIsVisible = 0;
			defaultConfigurationName = Release;
		};
/* End XCConfigurationList section */
	};
	rootObject = C4B391A823819CE4003E54CD /* Project object */;
}
