// !$*UTF8*$!
{
	archiveVersion = 1;
	classes = {
	};
	objectVersion = 50;
	objects = {

/* Begin PBXBuildFile section */
		C466D94E2381A73D00FE8FD0 /* ForecastView.swift in Sources */ = {isa = PBXBuildFile; fileRef = C466D94D2381A73D00FE8FD0 /* ForecastView.swift */; };
		C466D9502381A7AE00FE8FD0 /* DayForecastTableViewCell.swift in Sources */ = {isa = PBXBuildFile; fileRef = C466D94F2381A7AE00FE8FD0 /* DayForecastTableViewCell.swift */; };
		C4B391B423819CE4003E54CD /* AppDelegate.swift in Sources */ = {isa = PBXBuildFile; fileRef = C4B391B323819CE4003E54CD /* AppDelegate.swift */; };
		C4B391B623819CE4003E54CD /* SceneDelegate.swift in Sources */ = {isa = PBXBuildFile; fileRef = C4B391B523819CE4003E54CD /* SceneDelegate.swift */; };
		C4B391B823819CE4003E54CD /* WeatherViewController.swift in Sources */ = {isa = PBXBuildFile; fileRef = C4B391B723819CE4003E54CD /* WeatherViewController.swift */; };
		C4B391BB23819CE4003E54CD /* Main.storyboard in Resources */ = {isa = PBXBuildFile; fileRef = C4B391B923819CE4003E54CD /* Main.storyboard */; };
		C4B391BD23819CE5003E54CD /* Assets.xcassets in Resources */ = {isa = PBXBuildFile; fileRef = C4B391BC23819CE5003E54CD /* Assets.xcassets */; };
		C4B391C023819CE5003E54CD /* LaunchScreen.storyboard in Resources */ = {isa = PBXBuildFile; fileRef = C4B391BE23819CE5003E54CD /* LaunchScreen.storyboard */; };
		C4BAC6752381AF830016930C /* ForecastView.xib in Resources */ = {isa = PBXBuildFile; fileRef = C4BAC6742381AF830016930C /* ForecastView.xib */; };
		C4BAC67F2381B1640016930C /* NibBasedView.swift in Sources */ = {isa = PBXBuildFile; fileRef = C4BAC67E2381B1640016930C /* NibBasedView.swift */; };
/* End PBXBuildFile section */

/* Begin PBXFileReference section */
		C466D94D2381A73D00FE8FD0 /* ForecastView.swift */ = {isa = PBXFileReference; lastKnownFileType = sourcecode.swift; path = ForecastView.swift; sourceTree = "<group>"; };
		C466D94F2381A7AE00FE8FD0 /* DayForecastTableViewCell.swift */ = {isa = PBXFileReference; lastKnownFileType = sourcecode.swift; path = DayForecastTableViewCell.swift; sourceTree = "<group>"; };
		C4B391B023819CE4003E54CD /* weatherapp.app */ = {isa = PBXFileReference; explicitFileType = wrapper.application; includeInIndex = 0; path = weatherapp.app; sourceTree = BUILT_PRODUCTS_DIR; };
		C4B391B323819CE4003E54CD /* AppDelegate.swift */ = {isa = PBXFileReference; lastKnownFileType = sourcecode.swift; path = AppDelegate.swift; sourceTree = "<group>"; };
		C4B391B523819CE4003E54CD /* SceneDelegate.swift */ = {isa = PBXFileReference; lastKnownFileType = sourcecode.swift; path = SceneDelegate.swift; sourceTree = "<group>"; };
		C4B391B723819CE4003E54CD /* WeatherViewController.swift */ = {isa = PBXFileReference; lastKnownFileType = sourcecode.swift; path = WeatherViewController.swift; sourceTree = "<group>"; };
		C4B391BA23819CE4003E54CD /* Base */ = {isa = PBXFileReference; lastKnownFileType = file.storyboard; name = Base; path = Base.lproj/Main.storyboard; sourceTree = "<group>"; };
		C4B391BC23819CE5003E54CD /* Assets.xcassets */ = {isa = PBXFileReference; lastKnownFileType = folder.assetcatalog; path = Assets.xcassets; sourceTree = "<group>"; };
		C4B391BF23819CE5003E54CD /* Base */ = {isa = PBXFileReference; lastKnownFileType = file.storyboard; name = Base; path = Base.lproj/LaunchScreen.storyboard; sourceTree = "<group>"; };
		C4B391C123819CE5003E54CD /* Info.plist */ = {isa = PBXFileReference; lastKnownFileType = text.plist.xml; path = Info.plist; sourceTree = "<group>"; };
		C4BAC6742381AF830016930C /* ForecastView.xib */ = {isa = PBXFileReference; lastKnownFileType = file.xib; path = ForecastView.xib; sourceTree = "<group>"; };
		C4BAC67E2381B1640016930C /* NibBasedView.swift */ = {isa = PBXFileReference; lastKnownFileType = sourcecode.swift; path = NibBasedView.swift; sourceTree = "<group>"; };
/* End PBXFileReference section */

/* Begin PBXFrameworksBuildPhase section */
		C4B391AD23819CE4003E54CD /* Frameworks */ = {
			isa = PBXFrameworksBuildPhase;
			buildActionMask = 2147483647;
			files = (
			);
			runOnlyForDeploymentPostprocessing = 0;
		};
/* End PBXFrameworksBuildPhase section */

/* Begin PBXGroup section */
		C4B391A723819CE4003E54CD = {
			isa = PBXGroup;
			children = (
				C4B391B223819CE4003E54CD /* weatherapp */,
				C4B391B123819CE4003E54CD /* Products */,
			);
			sourceTree = "<group>";
		};
		C4B391B123819CE4003E54CD /* Products */ = {
			isa = PBXGroup;
			children = (
				C4B391B023819CE4003E54CD /* weatherapp.app */,
			);
			name = Products;
			sourceTree = "<group>";
		};
		C4B391B223819CE4003E54CD /* weatherapp */ = {
			isa = PBXGroup;
			children = (
				C4B391B323819CE4003E54CD /* AppDelegate.swift */,
				C4B391B523819CE4003E54CD /* SceneDelegate.swift */,
				C4B391B723819CE4003E54CD /* WeatherViewController.swift */,
				C4B391B923819CE4003E54CD /* Main.storyboard */,
				C4B391BC23819CE5003E54CD /* Assets.xcassets */,
				C4B391BE23819CE5003E54CD /* LaunchScreen.storyboard */,
				C4B391C123819CE5003E54CD /* Info.plist */,
				C466D94D2381A73D00FE8FD0 /* ForecastView.swift */,
				C4BAC6742381AF830016930C /* ForecastView.xib */,
				C466D94F2381A7AE00FE8FD0 /* DayForecastTableViewCell.swift */,
				C4BAC67E2381B1640016930C /* NibBasedView.swift */,
			);
			path = weatherapp;
			sourceTree = "<group>";
		};
/* End PBXGroup section */

/* Begin PBXNativeTarget section */
		C4B391AF23819CE4003E54CD /* weatherapp */ = {
			isa = PBXNativeTarget;
			buildConfigurationList = C4B391C423819CE5003E54CD /* Build configuration list for PBXNativeTarget "weatherapp" */;
			buildPhases = (
				C4B391AC23819CE4003E54CD /* Sources */,
				C4B391AD23819CE4003E54CD /* Frameworks */,
				C4B391AE23819CE4003E54CD /* Resources */,
			);
			buildRules = (
			);
			dependencies = (
			);
			name = weatherapp;
			productName = weatherapp;
			productReference = C4B391B023819CE4003E54CD /* weatherapp.app */;
			productType = "com.apple.product-type.application";
		};
/* End PBXNativeTarget section */

/* Begin PBXProject section */
		C4B391A823819CE4003E54CD /* Project object */ = {
			isa = PBXProject;
			attributes = {
				LastSwiftUpdateCheck = 1100;
				LastUpgradeCheck = 1100;
				ORGANIZATIONNAME = Denis;
				TargetAttributes = {
					C4B391AF23819CE4003E54CD = {
						CreatedOnToolsVersion = 11.0;
					};
				};
			};
			buildConfigurationList = C4B391AB23819CE4003E54CD /* Build configuration list for PBXProject "weatherapp" */;
			compatibilityVersion = "Xcode 9.3";
			developmentRegion = en;
			hasScannedForEncodings = 0;
			knownRegions = (
				en,
				Base,
			);
			mainGroup = C4B391A723819CE4003E54CD;
			productRefGroup = C4B391B123819CE4003E54CD /* Products */;
			projectDirPath = "";
			projectRoot = "";
			targets = (
				C4B391AF23819CE4003E54CD /* weatherapp */,
			);
		};
/* End PBXProject section */

/* Begin PBXResourcesBuildPhase section */
		C4B391AE23819CE4003E54CD /* Resources */ = {
			isa = PBXResourcesBuildPhase;
			buildActionMask = 2147483647;
			files = (
				C4B391C023819CE5003E54CD /* LaunchScreen.storyboard in Resources */,
				C4B391BD23819CE5003E54CD /* Assets.xcassets in Resources */,
				C4B391BB23819CE4003E54CD /* Main.storyboard in Resources */,
				C4BAC6752381AF830016930C /* ForecastView.xib in Resources */,
			);
			runOnlyForDeploymentPostprocessing = 0;
		};
/* End PBXResourcesBuildPhase section */

/* Begin PBXSourcesBuildPhase section */
		C4B391AC23819CE4003E54CD /* Sources */ = {
			isa = PBXSourcesBuildPhase;
			buildActionMask = 2147483647;
			files = (
				C4B391B823819CE4003E54CD /* WeatherViewController.swift in Sources */,
				C4B391B423819CE4003E54CD /* AppDelegate.swift in Sources */,
				C4BAC67F2381B1640016930C /* NibBasedView.swift in Sources */,
				C466D9502381A7AE00FE8FD0 /* DayForecastTableViewCell.swift in Sources */,
				C4B391B623819CE4003E54CD /* SceneDelegate.swift in Sources */,
				C466D94E2381A73D00FE8FD0 /* ForecastView.swift in Sources */,
			);
			runOnlyForDeploymentPostprocessing = 0;
		};
/* End PBXSourcesBuildPhase section */

/* Begin PBXVariantGroup section */
		C4B391B923819CE4003E54CD /* Main.storyboard */ = {
			isa = PBXVariantGroup;
			children = (
				C4B391BA23819CE4003E54CD /* Base */,
			);
			name = Main.storyboard;
			sourceTree = "<group>";
		};
		C4B391BE23819CE5003E54CD /* LaunchScreen.storyboard */ = {
			isa = PBXVariantGroup;
			children = (
				C4B391BF23819CE5003E54CD /* Base */,
			);
			name = LaunchScreen.storyboard;
			sourceTree = "<group>";
		};
/* End PBXVariantGroup section */

/* Begin XCBuildConfiguration section */
		C4B391C223819CE5003E54CD /* Debug */ = {
			isa = XCBuildConfiguration;
			buildSettings = {
				ALWAYS_SEARCH_USER_PATHS = NO;
				CLANG_ANALYZER_NONNULL = YES;
				CLANG_ANALYZER_NUMBER_OBJECT_CONVERSION = YES_AGGRESSIVE;
				CLANG_CXX_LANGUAGE_STANDARD = "gnu++14";
				CLANG_CXX_LIBRARY = "libc++";
				CLANG_ENABLE_MODULES = YES;
				CLANG_ENABLE_OBJC_ARC = YES;
				CLANG_ENABLE_OBJC_WEAK = YES;
				CLANG_WARN_BLOCK_CAPTURE_AUTORELEASING = YES;
				CLANG_WARN_BOOL_CONVERSION = YES;
				CLANG_WARN_COMMA = YES;
				CLANG_WARN_CONSTANT_CONVERSION = YES;
				CLANG_WARN_DEPRECATED_OBJC_IMPLEMENTATIONS = YES;
				CLANG_WARN_DIRECT_OBJC_ISA_USAGE = YES_ERROR;
				CLANG_WARN_DOCUMENTATION_COMMENTS = YES;
				CLANG_WARN_EMPTY_BODY = YES;
				CLANG_WARN_ENUM_CONVERSION = YES;
				CLANG_WARN_INFINITE_RECURSION = YES;
				CLANG_WARN_INT_CONVERSION = YES;
				CLANG_WARN_NON_LITERAL_NULL_CONVERSION = YES;
				CLANG_WARN_OBJC_IMPLICIT_RETAIN_SELF = YES;
				CLANG_WARN_OBJC_LITERAL_CONVERSION = YES;
				CLANG_WARN_OBJC_ROOT_CLASS = YES_ERROR;
				CLANG_WARN_RANGE_LOOP_ANALYSIS = YES;
				CLANG_WARN_STRICT_PROTOTYPES = YES;
				CLANG_WARN_SUSPICIOUS_MOVE = YES;
				CLANG_WARN_UNGUARDED_AVAILABILITY = YES_AGGRESSIVE;
				CLANG_WARN_UNREACHABLE_CODE = YES;
				CLANG_WARN__DUPLICATE_METHOD_MATCH = YES;
				COPY_PHASE_STRIP = NO;
				DEBUG_INFORMATION_FORMAT = dwarf;
				ENABLE_STRICT_OBJC_MSGSEND = YES;
				ENABLE_TESTABILITY = YES;
				GCC_C_LANGUAGE_STANDARD = gnu11;
				GCC_DYNAMIC_NO_PIC = NO;
				GCC_NO_COMMON_BLOCKS = YES;
				GCC_OPTIMIZATION_LEVEL = 0;
				GCC_PREPROCESSOR_DEFINITIONS = (
					"DEBUG=1",
					"$(inherited)",
				);
				GCC_WARN_64_TO_32_BIT_CONVERSION = YES;
				GCC_WARN_ABOUT_RETURN_TYPE = YES_ERROR;
				GCC_WARN_UNDECLARED_SELECTOR = YES;
				GCC_WARN_UNINITIALIZED_AUTOS = YES_AGGRESSIVE;
				GCC_WARN_UNUSED_FUNCTION = YES;
				GCC_WARN_UNUSED_VARIABLE = YES;
				IPHONEOS_DEPLOYMENT_TARGET = 13.0;
				MTL_ENABLE_DEBUG_INFO = INCLUDE_SOURCE;
				MTL_FAST_MATH = YES;
				ONLY_ACTIVE_ARCH = YES;
				SDKROOT = iphoneos;
				SWIFT_ACTIVE_COMPILATION_CONDITIONS = DEBUG;
				SWIFT_OPTIMIZATION_LEVEL = "-Onone";
			};
			name = Debug;
		};
		C4B391C323819CE5003E54CD /* Release */ = {
			isa = XCBuildConfiguration;
			buildSettings = {
				ALWAYS_SEARCH_USER_PATHS = NO;
				CLANG_ANALYZER_NONNULL = YES;
				CLANG_ANALYZER_NUMBER_OBJECT_CONVERSION = YES_AGGRESSIVE;
				CLANG_CXX_LANGUAGE_STANDARD = "gnu++14";
				CLANG_CXX_LIBRARY = "libc++";
				CLANG_ENABLE_MODULES = YES;
				CLANG_ENABLE_OBJC_ARC = YES;
				CLANG_ENABLE_OBJC_WEAK = YES;
				CLANG_WARN_BLOCK_CAPTURE_AUTORELEASING = YES;
				CLANG_WARN_BOOL_CONVERSION = YES;
				CLANG_WARN_COMMA = YES;
				CLANG_WARN_CONSTANT_CONVERSION = YES;
				CLANG_WARN_DEPRECATED_OBJC_IMPLEMENTATIONS = YES;
				CLANG_WARN_DIRECT_OBJC_ISA_USAGE = YES_ERROR;
				CLANG_WARN_DOCUMENTATION_COMMENTS = YES;
				CLANG_WARN_EMPTY_BODY = YES;
				CLANG_WARN_ENUM_CONVERSION = YES;
				CLANG_WARN_INFINITE_RECURSION = YES;
				CLANG_WARN_INT_CONVERSION = YES;
				CLANG_WARN_NON_LITERAL_NULL_CONVERSION = YES;
				CLANG_WARN_OBJC_IMPLICIT_RETAIN_SELF = YES;
				CLANG_WARN_OBJC_LITERAL_CONVERSION = YES;
				CLANG_WARN_OBJC_ROOT_CLASS = YES_ERROR;
				CLANG_WARN_RANGE_LOOP_ANALYSIS = YES;
				CLANG_WARN_STRICT_PROTOTYPES = YES;
				CLANG_WARN_SUSPICIOUS_MOVE = YES;
				CLANG_WARN_UNGUARDED_AVAILABILITY = YES_AGGRESSIVE;
				CLANG_WARN_UNREACHABLE_CODE = YES;
				CLANG_WARN__DUPLICATE_METHOD_MATCH = YES;
				COPY_PHASE_STRIP = NO;
				DEBUG_INFORMATION_FORMAT = "dwarf-with-dsym";
				ENABLE_NS_ASSERTIONS = NO;
				ENABLE_STRICT_OBJC_MSGSEND = YES;
				GCC_C_LANGUAGE_STANDARD = gnu11;
				GCC_NO_COMMON_BLOCKS = YES;
				GCC_WARN_64_TO_32_BIT_CONVERSION = YES;
				GCC_WARN_ABOUT_RETURN_TYPE = YES_ERROR;
				GCC_WARN_UNDECLARED_SELECTOR = YES;
				GCC_WARN_UNINITIALIZED_AUTOS = YES_AGGRESSIVE;
				GCC_WARN_UNUSED_FUNCTION = YES;
				GCC_WARN_UNUSED_VARIABLE = YES;
				IPHONEOS_DEPLOYMENT_TARGET = 13.0;
				MTL_ENABLE_DEBUG_INFO = NO;
				MTL_FAST_MATH = YES;
				SDKROOT = iphoneos;
				SWIFT_COMPILATION_MODE = wholemodule;
				SWIFT_OPTIMIZATION_LEVEL = "-O";
				VALIDATE_PRODUCT = YES;
			};
			name = Release;
		};
		C4B391C523819CE5003E54CD /* Debug */ = {
			isa = XCBuildConfiguration;
			buildSettings = {
				ASSETCATALOG_COMPILER_APPICON_NAME = AppIcon;
				CODE_SIGN_STYLE = Automatic;
				DEVELOPMENT_TEAM = 5MAP8YLLJ8;
				INFOPLIST_FILE = weatherapp/Info.plist;
				LD_RUNPATH_SEARCH_PATHS = (
					"$(inherited)",
					"@executable_path/Frameworks",
				);
				PRODUCT_BUNDLE_IDENTIFIER = dg.weatherapp;
				PRODUCT_NAME = "$(TARGET_NAME)";
				SWIFT_VERSION = 5.0;
				TARGETED_DEVICE_FAMILY = "1,2";
			};
			name = Debug;
		};
		C4B391C623819CE5003E54CD /* Release */ = {
			isa = XCBuildConfiguration;
			buildSettings = {
				ASSETCATALOG_COMPILER_APPICON_NAME = AppIcon;
				CODE_SIGN_STYLE = Automatic;
				DEVELOPMENT_TEAM = 5MAP8YLLJ8;
				INFOPLIST_FILE = weatherapp/Info.plist;
				LD_RUNPATH_SEARCH_PATHS = (
					"$(inherited)",
					"@executable_path/Frameworks",
				);
				PRODUCT_BUNDLE_IDENTIFIER = dg.weatherapp;
				PRODUCT_NAME = "$(TARGET_NAME)";
				SWIFT_VERSION = 5.0;
				TARGETED_DEVICE_FAMILY = "1,2";
			};
			name = Release;
		};
/* End XCBuildConfiguration section */

/* Begin XCConfigurationList section */
		C4B391AB23819CE4003E54CD /* Build configuration list for PBXProject "weatherapp" */ = {
			isa = XCConfigurationList;
			buildConfigurations = (
				C4B391C223819CE5003E54CD /* Debug */,
				C4B391C323819CE5003E54CD /* Release */,
			);
			defaultConfigurationIsVisible = 0;
			defaultConfigurationName = Release;
		};
		C4B391C423819CE5003E54CD /* Build configuration list for PBXNativeTarget "weatherapp" */ = {
			isa = XCConfigurationList;
			buildConfigurations = (
				C4B391C523819CE5003E54CD /* Debug */,
				C4B391C623819CE5003E54CD /* Release */,
			);
			defaultConfigurationIsVisible = 0;
			defaultConfigurationName = Release;
		};
/* End XCConfigurationList section */
	};
	rootObject = C4B391A823819CE4003E54CD /* Project object */;
}
